// !$*UTF8*$!
{
	archiveVersion = 1;
	classes = {
	};
	objectVersion = 46;
	objects = {

/* Begin PBXBuildFile section */
		BEC712901C03FED600FDCBEE /* main.m in Sources */ = {isa = PBXBuildFile; fileRef = BEC7128F1C03FED600FDCBEE /* main.m */; };
		BEC712931C03FED600FDCBEE /* AppDelegate.m in Sources */ = {isa = PBXBuildFile; fileRef = BEC712921C03FED600FDCBEE /* AppDelegate.m */; };
		BEC712961C03FED600FDCBEE /* ViewController.m in Sources */ = {isa = PBXBuildFile; fileRef = BEC712951C03FED600FDCBEE /* ViewController.m */; };
		BEC712991C03FED600FDCBEE /* Main.storyboard in Resources */ = {isa = PBXBuildFile; fileRef = BEC712971C03FED600FDCBEE /* Main.storyboard */; };
		BEC7129B1C03FED600FDCBEE /* Assets.xcassets in Resources */ = {isa = PBXBuildFile; fileRef = BEC7129A1C03FED600FDCBEE /* Assets.xcassets */; };
		BEC7129E1C03FED600FDCBEE /* LaunchScreen.storyboard in Resources */ = {isa = PBXBuildFile; fileRef = BEC7129C1C03FED600FDCBEE /* LaunchScreen.storyboard */; };
		BEC712A91C03FED600FDCBEE /* HelloBlockTests.m in Sources */ = {isa = PBXBuildFile; fileRef = BEC712A81C03FED600FDCBEE /* HelloBlockTests.m */; };
		BEC712B41C03FED600FDCBEE /* HelloBlockUITests.m in Sources */ = {isa = PBXBuildFile; fileRef = BEC712B31C03FED600FDCBEE /* HelloBlockUITests.m */; };
/* End PBXBuildFile section */

/* Begin PBXContainerItemProxy section */
		BEC712A51C03FED600FDCBEE /* PBXContainerItemProxy */ = {
			isa = PBXContainerItemProxy;
			containerPortal = BEC712831C03FED600FDCBEE /* Project object */;
			proxyType = 1;
			remoteGlobalIDString = BEC7128A1C03FED600FDCBEE;
			remoteInfo = HelloBlock;
		};
		BEC712B01C03FED600FDCBEE /* PBXContainerItemProxy */ = {
			isa = PBXContainerItemProxy;
			containerPortal = BEC712831C03FED600FDCBEE /* Project object */;
			proxyType = 1;
			remoteGlobalIDString = BEC7128A1C03FED600FDCBEE;
			remoteInfo = HelloBlock;
		};
/* End PBXContainerItemProxy section */

/* Begin PBXFileReference section */
		BEC7128B1C03FED600FDCBEE /* HelloBlock.app */ = {isa = PBXFileReference; explicitFileType = wrapper.application; includeInIndex = 0; path = HelloBlock.app; sourceTree = BUILT_PRODUCTS_DIR; };
		BEC7128F1C03FED600FDCBEE /* main.m */ = {isa = PBXFileReference; lastKnownFileType = sourcecode.c.objc; path = main.m; sourceTree = "<group>"; };
		BEC712911C03FED600FDCBEE /* AppDelegate.h */ = {isa = PBXFileReference; lastKnownFileType = sourcecode.c.h; path = AppDelegate.h; sourceTree = "<group>"; };
		BEC712921C03FED600FDCBEE /* AppDelegate.m */ = {isa = PBXFileReference; lastKnownFileType = sourcecode.c.objc; path = AppDelegate.m; sourceTree = "<group>"; };
		BEC712941C03FED600FDCBEE /* ViewController.h */ = {isa = PBXFileReference; lastKnownFileType = sourcecode.c.h; path = ViewController.h; sourceTree = "<group>"; };
		BEC712951C03FED600FDCBEE /* ViewController.m */ = {isa = PBXFileReference; lastKnownFileType = sourcecode.c.objc; path = ViewController.m; sourceTree = "<group>"; };
		BEC712981C03FED600FDCBEE /* Base */ = {isa = PBXFileReference; lastKnownFileType = file.storyboard; name = Base; path = Base.lproj/Main.storyboard; sourceTree = "<group>"; };
		BEC7129A1C03FED600FDCBEE /* Assets.xcassets */ = {isa = PBXFileReference; lastKnownFileType = folder.assetcatalog; path = Assets.xcassets; sourceTree = "<group>"; };
		BEC7129D1C03FED600FDCBEE /* Base */ = {isa = PBXFileReference; lastKnownFileType = file.storyboard; name = Base; path = Base.lproj/LaunchScreen.storyboard; sourceTree = "<group>"; };
		BEC7129F1C03FED600FDCBEE /* Info.plist */ = {isa = PBXFileReference; lastKnownFileType = text.plist.xml; path = Info.plist; sourceTree = "<group>"; };
		BEC712A41C03FED600FDCBEE /* HelloBlockTests.xctest */ = {isa = PBXFileReference; explicitFileType = wrapper.cfbundle; includeInIndex = 0; path = HelloBlockTests.xctest; sourceTree = BUILT_PRODUCTS_DIR; };
		BEC712A81C03FED600FDCBEE /* HelloBlockTests.m */ = {isa = PBXFileReference; lastKnownFileType = sourcecode.c.objc; path = HelloBlockTests.m; sourceTree = "<group>"; };
		BEC712AA1C03FED600FDCBEE /* Info.plist */ = {isa = PBXFileReference; lastKnownFileType = text.plist.xml; path = Info.plist; sourceTree = "<group>"; };
		BEC712AF1C03FED600FDCBEE /* HelloBlockUITests.xctest */ = {isa = PBXFileReference; explicitFileType = wrapper.cfbundle; includeInIndex = 0; path = HelloBlockUITests.xctest; sourceTree = BUILT_PRODUCTS_DIR; };
		BEC712B31C03FED600FDCBEE /* HelloBlockUITests.m */ = {isa = PBXFileReference; lastKnownFileType = sourcecode.c.objc; path = HelloBlockUITests.m; sourceTree = "<group>"; };
		BEC712B51C03FED600FDCBEE /* Info.plist */ = {isa = PBXFileReference; lastKnownFileType = text.plist.xml; path = Info.plist; sourceTree = "<group>"; };
/* End PBXFileReference section */

/* Begin PBXFrameworksBuildPhase section */
		BEC712881C03FED600FDCBEE /* Frameworks */ = {
			isa = PBXFrameworksBuildPhase;
			buildActionMask = 2147483647;
			files = (
			);
			runOnlyForDeploymentPostprocessing = 0;
		};
		BEC712A11C03FED600FDCBEE /* Frameworks */ = {
			isa = PBXFrameworksBuildPhase;
			buildActionMask = 2147483647;
			files = (
			);
			runOnlyForDeploymentPostprocessing = 0;
		};
		BEC712AC1C03FED600FDCBEE /* Frameworks */ = {
			isa = PBXFrameworksBuildPhase;
			buildActionMask = 2147483647;
			files = (
			);
			runOnlyForDeploymentPostprocessing = 0;
		};
/* End PBXFrameworksBuildPhase section */

/* Begin PBXGroup section */
		BEC712821C03FED600FDCBEE = {
			isa = PBXGroup;
			children = (
				BEC7128D1C03FED600FDCBEE /* HelloBlock */,
				BEC712A71C03FED600FDCBEE /* HelloBlockTests */,
				BEC712B21C03FED600FDCBEE /* HelloBlockUITests */,
				BEC7128C1C03FED600FDCBEE /* Products */,
			);
			sourceTree = "<group>";
		};
		BEC7128C1C03FED600FDCBEE /* Products */ = {
			isa = PBXGroup;
			children = (
				BEC7128B1C03FED600FDCBEE /* HelloBlock.app */,
				BEC712A41C03FED600FDCBEE /* HelloBlockTests.xctest */,
				BEC712AF1C03FED600FDCBEE /* HelloBlockUITests.xctest */,
			);
			name = Products;
			sourceTree = "<group>";
		};
		BEC7128D1C03FED600FDCBEE /* HelloBlock */ = {
			isa = PBXGroup;
			children = (
				BEC712911C03FED600FDCBEE /* AppDelegate.h */,
				BEC712921C03FED600FDCBEE /* AppDelegate.m */,
				BEC712941C03FED600FDCBEE /* ViewController.h */,
				BEC712951C03FED600FDCBEE /* ViewController.m */,
				BEC712971C03FED600FDCBEE /* Main.storyboard */,
				BEC7129A1C03FED600FDCBEE /* Assets.xcassets */,
				BEC7129C1C03FED600FDCBEE /* LaunchScreen.storyboard */,
				BEC7129F1C03FED600FDCBEE /* Info.plist */,
				BEC7128E1C03FED600FDCBEE /* Supporting Files */,
			);
			path = HelloBlock;
			sourceTree = "<group>";
		};
		BEC7128E1C03FED600FDCBEE /* Supporting Files */ = {
			isa = PBXGroup;
			children = (
				BEC7128F1C03FED600FDCBEE /* main.m */,
			);
			name = "Supporting Files";
			sourceTree = "<group>";
		};
		BEC712A71C03FED600FDCBEE /* HelloBlockTests */ = {
			isa = PBXGroup;
			children = (
				BEC712A81C03FED600FDCBEE /* HelloBlockTests.m */,
				BEC712AA1C03FED600FDCBEE /* Info.plist */,
			);
			path = HelloBlockTests;
			sourceTree = "<group>";
		};
		BEC712B21C03FED600FDCBEE /* HelloBlockUITests */ = {
			isa = PBXGroup;
			children = (
				BEC712B31C03FED600FDCBEE /* HelloBlockUITests.m */,
				BEC712B51C03FED600FDCBEE /* Info.plist */,
			);
			path = HelloBlockUITests;
			sourceTree = "<group>";
		};
/* End PBXGroup section */

/* Begin PBXNativeTarget section */
		BEC7128A1C03FED600FDCBEE /* HelloBlock */ = {
			isa = PBXNativeTarget;
			buildConfigurationList = BEC712B81C03FED600FDCBEE /* Build configuration list for PBXNativeTarget "HelloBlock" */;
			buildPhases = (
				BEC712871C03FED600FDCBEE /* Sources */,
				BEC712881C03FED600FDCBEE /* Frameworks */,
				BEC712891C03FED600FDCBEE /* Resources */,
			);
			buildRules = (
			);
			dependencies = (
			);
			name = HelloBlock;
			productName = HelloBlock;
			productReference = BEC7128B1C03FED600FDCBEE /* HelloBlock.app */;
			productType = "com.apple.product-type.application";
		};
		BEC712A31C03FED600FDCBEE /* HelloBlockTests */ = {
			isa = PBXNativeTarget;
			buildConfigurationList = BEC712BB1C03FED600FDCBEE /* Build configuration list for PBXNativeTarget "HelloBlockTests" */;
			buildPhases = (
				BEC712A01C03FED600FDCBEE /* Sources */,
				BEC712A11C03FED600FDCBEE /* Frameworks */,
				BEC712A21C03FED600FDCBEE /* Resources */,
			);
			buildRules = (
			);
			dependencies = (
				BEC712A61C03FED600FDCBEE /* PBXTargetDependency */,
			);
			name = HelloBlockTests;
			productName = HelloBlockTests;
			productReference = BEC712A41C03FED600FDCBEE /* HelloBlockTests.xctest */;
			productType = "com.apple.product-type.bundle.unit-test";
		};
		BEC712AE1C03FED600FDCBEE /* HelloBlockUITests */ = {
			isa = PBXNativeTarget;
			buildConfigurationList = BEC712BE1C03FED600FDCBEE /* Build configuration list for PBXNativeTarget "HelloBlockUITests" */;
			buildPhases = (
				BEC712AB1C03FED600FDCBEE /* Sources */,
				BEC712AC1C03FED600FDCBEE /* Frameworks */,
				BEC712AD1C03FED600FDCBEE /* Resources */,
			);
			buildRules = (
			);
			dependencies = (
				BEC712B11C03FED600FDCBEE /* PBXTargetDependency */,
			);
			name = HelloBlockUITests;
			productName = HelloBlockUITests;
			productReference = BEC712AF1C03FED600FDCBEE /* HelloBlockUITests.xctest */;
			productType = "com.apple.product-type.bundle.ui-testing";
		};
/* End PBXNativeTarget section */

/* Begin PBXProject section */
		BEC712831C03FED600FDCBEE /* Project object */ = {
			isa = PBXProject;
			attributes = {
				LastUpgradeCheck = 0710;
				ORGANIZATIONNAME = "Intelligence community service (Beijing) Co., Ltd.";
				TargetAttributes = {
					BEC7128A1C03FED600FDCBEE = {
						CreatedOnToolsVersion = 7.1;
					};
					BEC712A31C03FED600FDCBEE = {
						CreatedOnToolsVersion = 7.1;
						TestTargetID = BEC7128A1C03FED600FDCBEE;
					};
					BEC712AE1C03FED600FDCBEE = {
						CreatedOnToolsVersion = 7.1;
						TestTargetID = BEC7128A1C03FED600FDCBEE;
					};
				};
			};
			buildConfigurationList = BEC712861C03FED600FDCBEE /* Build configuration list for PBXProject "HelloBlock" */;
			compatibilityVersion = "Xcode 3.2";
			developmentRegion = English;
			hasScannedForEncodings = 0;
			knownRegions = (
				en,
				Base,
			);
			mainGroup = BEC712821C03FED600FDCBEE;
			productRefGroup = BEC7128C1C03FED600FDCBEE /* Products */;
			projectDirPath = "";
			projectRoot = "";
			targets = (
				BEC7128A1C03FED600FDCBEE /* HelloBlock */,
				BEC712A31C03FED600FDCBEE /* HelloBlockTests */,
				BEC712AE1C03FED600FDCBEE /* HelloBlockUITests */,
			);
		};
/* End PBXProject section */

/* Begin PBXResourcesBuildPhase section */
		BEC712891C03FED600FDCBEE /* Resources */ = {
			isa = PBXResourcesBuildPhase;
			buildActionMask = 2147483647;
			files = (
				BEC7129E1C03FED600FDCBEE /* LaunchScreen.storyboard in Resources */,
				BEC7129B1C03FED600FDCBEE /* Assets.xcassets in Resources */,
				BEC712991C03FED600FDCBEE /* Main.storyboard in Resources */,
			);
			runOnlyForDeploymentPostprocessing = 0;
		};
		BEC712A21C03FED600FDCBEE /* Resources */ = {
			isa = PBXResourcesBuildPhase;
			buildActionMask = 2147483647;
			files = (
			);
			runOnlyForDeploymentPostprocessing = 0;
		};
		BEC712AD1C03FED600FDCBEE /* Resources */ = {
			isa = PBXResourcesBuildPhase;
			buildActionMask = 2147483647;
			files = (
			);
			runOnlyForDeploymentPostprocessing = 0;
		};
/* End PBXResourcesBuildPhase section */

/* Begin PBXSourcesBuildPhase section */
		BEC712871C03FED600FDCBEE /* Sources */ = {
			isa = PBXSourcesBuildPhase;
			buildActionMask = 2147483647;
			files = (
				BEC712961C03FED600FDCBEE /* ViewController.m in Sources */,
				BEC712931C03FED600FDCBEE /* AppDelegate.m in Sources */,
				BEC712901C03FED600FDCBEE /* main.m in Sources */,
			);
			runOnlyForDeploymentPostprocessing = 0;
		};
		BEC712A01C03FED600FDCBEE /* Sources */ = {
			isa = PBXSourcesBuildPhase;
			buildActionMask = 2147483647;
			files = (
				BEC712A91C03FED600FDCBEE /* HelloBlockTests.m in Sources */,
			);
			runOnlyForDeploymentPostprocessing = 0;
		};
		BEC712AB1C03FED600FDCBEE /* Sources */ = {
			isa = PBXSourcesBuildPhase;
			buildActionMask = 2147483647;
			files = (
				BEC712B41C03FED600FDCBEE /* HelloBlockUITests.m in Sources */,
			);
			runOnlyForDeploymentPostprocessing = 0;
		};
/* End PBXSourcesBuildPhase section */

/* Begin PBXTargetDependency section */
		BEC712A61C03FED600FDCBEE /* PBXTargetDependency */ = {
			isa = PBXTargetDependency;
			target = BEC7128A1C03FED600FDCBEE /* HelloBlock */;
			targetProxy = BEC712A51C03FED600FDCBEE /* PBXContainerItemProxy */;
		};
		BEC712B11C03FED600FDCBEE /* PBXTargetDependency */ = {
			isa = PBXTargetDependency;
			target = BEC7128A1C03FED600FDCBEE /* HelloBlock */;
			targetProxy = BEC712B01C03FED600FDCBEE /* PBXContainerItemProxy */;
		};
/* End PBXTargetDependency section */

/* Begin PBXVariantGroup section */
		BEC712971C03FED600FDCBEE /* Main.storyboard */ = {
			isa = PBXVariantGroup;
			children = (
				BEC712981C03FED600FDCBEE /* Base */,
			);
			name = Main.storyboard;
			sourceTree = "<group>";
		};
		BEC7129C1C03FED600FDCBEE /* LaunchScreen.storyboard */ = {
			isa = PBXVariantGroup;
			children = (
				BEC7129D1C03FED600FDCBEE /* Base */,
			);
			name = LaunchScreen.storyboard;
			sourceTree = "<group>";
		};
/* End PBXVariantGroup section */

/* Begin XCBuildConfiguration section */
		BEC712B61C03FED600FDCBEE /* Debug */ = {
			isa = XCBuildConfiguration;
			buildSettings = {
				ALWAYS_SEARCH_USER_PATHS = NO;
				CLANG_CXX_LANGUAGE_STANDARD = "gnu++0x";
				CLANG_CXX_LIBRARY = "libc++";
				CLANG_ENABLE_MODULES = YES;
				CLANG_ENABLE_OBJC_ARC = YES;
				CLANG_WARN_BOOL_CONVERSION = YES;
				CLANG_WARN_CONSTANT_CONVERSION = YES;
				CLANG_WARN_DIRECT_OBJC_ISA_USAGE = YES_ERROR;
				CLANG_WARN_EMPTY_BODY = YES;
				CLANG_WARN_ENUM_CONVERSION = YES;
				CLANG_WARN_INT_CONVERSION = YES;
				CLANG_WARN_OBJC_ROOT_CLASS = YES_ERROR;
				CLANG_WARN_UNREACHABLE_CODE = YES;
				CLANG_WARN__DUPLICATE_METHOD_MATCH = YES;
				"CODE_SIGN_IDENTITY[sdk=iphoneos*]" = "iPhone Developer";
				COPY_PHASE_STRIP = NO;
				DEBUG_INFORMATION_FORMAT = dwarf;
				ENABLE_STRICT_OBJC_MSGSEND = YES;
				ENABLE_TESTABILITY = YES;
				GCC_C_LANGUAGE_STANDARD = gnu99;
				GCC_DYNAMIC_NO_PIC = NO;
				GCC_NO_COMMON_BLOCKS = YES;
				GCC_OPTIMIZATION_LEVEL = 0;
				GCC_PREPROCESSOR_DEFINITIONS = (
					"DEBUG=1",
					"$(inherited)",
				);
				GCC_WARN_64_TO_32_BIT_CONVERSION = YES;
				GCC_WARN_ABOUT_RETURN_TYPE = YES_ERROR;
				GCC_WARN_UNDECLARED_SELECTOR = YES;
				GCC_WARN_UNINITIALIZED_AUTOS = YES_AGGRESSIVE;
				GCC_WARN_UNUSED_FUNCTION = YES;
				GCC_WARN_UNUSED_VARIABLE = YES;
				IPHONEOS_DEPLOYMENT_TARGET = 9.1;
				MTL_ENABLE_DEBUG_INFO = YES;
				ONLY_ACTIVE_ARCH = YES;
				SDKROOT = iphoneos;
				TARGETED_DEVICE_FAMILY = "1,2";
			};
			name = Debug;
		};
		BEC712B71C03FED600FDCBEE /* Release */ = {
			isa = XCBuildConfiguration;
			buildSettings = {
				ALWAYS_SEARCH_USER_PATHS = NO;
				CLANG_CXX_LANGUAGE_STANDARD = "gnu++0x";
				CLANG_CXX_LIBRARY = "libc++";
				CLANG_ENABLE_MODULES = YES;
				CLANG_ENABLE_OBJC_ARC = YES;
				CLANG_WARN_BOOL_CONVERSION = YES;
				CLANG_WARN_CONSTANT_CONVERSION = YES;
				CLANG_WARN_DIRECT_OBJC_ISA_USAGE = YES_ERROR;
				CLANG_WARN_EMPTY_BODY = YES;
				CLANG_WARN_ENUM_CONVERSION = YES;
				CLANG_WARN_INT_CONVERSION = YES;
				CLANG_WARN_OBJC_ROOT_CLASS = YES_ERROR;
				CLANG_WARN_UNREACHABLE_CODE = YES;
				CLANG_WARN__DUPLICATE_METHOD_MATCH = YES;
				"CODE_SIGN_IDENTITY[sdk=iphoneos*]" = "iPhone Developer";
				COPY_PHASE_STRIP = NO;
				DEBUG_INFORMATION_FORMAT = "dwarf-with-dsym";
				ENABLE_NS_ASSERTIONS = NO;
				ENABLE_STRICT_OBJC_MSGSEND = YES;
				GCC_C_LANGUAGE_STANDARD = gnu99;
				GCC_NO_COMMON_BLOCKS = YES;
				GCC_WARN_64_TO_32_BIT_CONVERSION = YES;
				GCC_WARN_ABOUT_RETURN_TYPE = YES_ERROR;
				GCC_WARN_UNDECLARED_SELECTOR = YES;
				GCC_WARN_UNINITIALIZED_AUTOS = YES_AGGRESSIVE;
				GCC_WARN_UNUSED_FUNCTION = YES;
				GCC_WARN_UNUSED_VARIABLE = YES;
				IPHONEOS_DEPLOYMENT_TARGET = 9.1;
				MTL_ENABLE_DEBUG_INFO = NO;
				SDKROOT = iphoneos;
				TARGETED_DEVICE_FAMILY = "1,2";
				VALIDATE_PRODUCT = YES;
			};
			name = Release;
		};
		BEC712B91C03FED600FDCBEE /* Debug */ = {
			isa = XCBuildConfiguration;
			buildSettings = {
				ASSETCATALOG_COMPILER_APPICON_NAME = AppIcon;
				INFOPLIST_FILE = HelloBlock/Info.plist;
				LD_RUNPATH_SEARCH_PATHS = "$(inherited) @executable_path/Frameworks";
				PRODUCT_BUNDLE_IDENTIFIER = com.firstcare.HelloBlock;
				PRODUCT_NAME = "$(TARGET_NAME)";
			};
			name = Debug;
		};
		BEC712BA1C03FED600FDCBEE /* Release */ = {
			isa = XCBuildConfiguration;
			buildSettings = {
				ASSETCATALOG_COMPILER_APPICON_NAME = AppIcon;
				INFOPLIST_FILE = HelloBlock/Info.plist;
				LD_RUNPATH_SEARCH_PATHS = "$(inherited) @executable_path/Frameworks";
				PRODUCT_BUNDLE_IDENTIFIER = com.firstcare.HelloBlock;
				PRODUCT_NAME = "$(TARGET_NAME)";
			};
			name = Release;
		};
		BEC712BC1C03FED600FDCBEE /* Debug */ = {
			isa = XCBuildConfiguration;
			buildSettings = {
				BUNDLE_LOADER = "$(TEST_HOST)";
				INFOPLIST_FILE = HelloBlockTests/Info.plist;
				LD_RUNPATH_SEARCH_PATHS = "$(inherited) @executable_path/Frameworks @loader_path/Frameworks";
				PRODUCT_BUNDLE_IDENTIFIER = com.firstcare.HelloBlockTests;
				PRODUCT_NAME = "$(TARGET_NAME)";
				TEST_HOST = "$(BUILT_PRODUCTS_DIR)/HelloBlock.app/HelloBlock";
			};
			name = Debug;
		};
		BEC712BD1C03FED600FDCBEE /* Release */ = {
			isa = XCBuildConfiguration;
			buildSettings = {
				BUNDLE_LOADER = "$(TEST_HOST)";
				INFOPLIST_FILE = HelloBlockTests/Info.plist;
				LD_RUNPATH_SEARCH_PATHS = "$(inherited) @executable_path/Frameworks @loader_path/Frameworks";
				PRODUCT_BUNDLE_IDENTIFIER = com.firstcare.HelloBlockTests;
				PRODUCT_NAME = "$(TARGET_NAME)";
				TEST_HOST = "$(BUILT_PRODUCTS_DIR)/HelloBlock.app/HelloBlock";
			};
			name = Release;
		};
		BEC712BF1C03FED600FDCBEE /* Debug */ = {
			isa = XCBuildConfiguration;
			buildSettings = {
				INFOPLIST_FILE = HelloBlockUITests/Info.plist;
				LD_RUNPATH_SEARCH_PATHS = "$(inherited) @executable_path/Frameworks @loader_path/Frameworks";
				PRODUCT_BUNDLE_IDENTIFIER = com.firstcare.HelloBlockUITests;
				PRODUCT_NAME = "$(TARGET_NAME)";
				TEST_TARGET_NAME = HelloBlock;
				USES_XCTRUNNER = YES;
			};
			name = Debug;
		};
		BEC712C01C03FED600FDCBEE /* Release */ = {
			isa = XCBuildConfiguration;
			buildSettings = {
				INFOPLIST_FILE = HelloBlockUITests/Info.plist;
				LD_RUNPATH_SEARCH_PATHS = "$(inherited) @executable_path/Frameworks @loader_path/Frameworks";
				PRODUCT_BUNDLE_IDENTIFIER = com.firstcare.HelloBlockUITests;
				PRODUCT_NAME = "$(TARGET_NAME)";
				TEST_TARGET_NAME = HelloBlock;
				USES_XCTRUNNER = YES;
			};
			name = Release;
		};
/* End XCBuildConfiguration section */

/* Begin XCConfigurationList section */
		BEC712861C03FED600FDCBEE /* Build configuration list for PBXProject "HelloBlock" */ = {
			isa = XCConfigurationList;
			buildConfigurations = (
				BEC712B61C03FED600FDCBEE /* Debug */,
				BEC712B71C03FED600FDCBEE /* Release */,
			);
			defaultConfigurationIsVisible = 0;
			defaultConfigurationName = Release;
		};
		BEC712B81C03FED600FDCBEE /* Build configuration list for PBXNativeTarget "HelloBlock" */ = {
			isa = XCConfigurationList;
			buildConfigurations = (
				BEC712B91C03FED600FDCBEE /* Debug */,
				BEC712BA1C03FED600FDCBEE /* Release */,
			);
			defaultConfigurationIsVisible = 0;
		};
		BEC712BB1C03FED600FDCBEE /* Build configuration list for PBXNativeTarget "HelloBlockTests" */ = {
			isa = XCConfigurationList;
			buildConfigurations = (
				BEC712BC1C03FED600FDCBEE /* Debug */,
				BEC712BD1C03FED600FDCBEE /* Release */,
			);
			defaultConfigurationIsVisible = 0;
		};
		BEC712BE1C03FED600FDCBEE /* Build configuration list for PBXNativeTarget "HelloBlockUITests" */ = {
			isa = XCConfigurationList;
			buildConfigurations = (
				BEC712BF1C03FED600FDCBEE /* Debug */,
				BEC712C01C03FED600FDCBEE /* Release */,
			);
			defaultConfigurationIsVisible = 0;
		};
/* End XCConfigurationList section */
	};
	rootObject = BEC712831C03FED600FDCBEE /* Project object */;
}
